
Microsoft Visual Studio Solution File, Format Version 12.00
# Visual Studio Version 16
VisualStudioVersion = 16.0.30225.117
MinimumVisualStudioVersion = 10.0.40219.1
Project("{FAE04EC0-301F-11D3-BF4B-00C04F79EFBC}") = "temp", "temp\temp.csproj", "{816257BE-E5DB-479A-BEB0-FAFBD13EBC8D}"
EndProject
Global
	GlobalSection(SolutionConfigurationPlatforms) = preSolution
		Debug|Any CPU = Debug|Any CPU
		Release|Any CPU = Release|Any CPU
	EndGlobalSection
	GlobalSection(ProjectConfigurationPlatforms) = postSolution
		{816257BE-E5DB-479A-BEB0-FAFBD13EBC8D}.Debug|Any CPU.ActiveCfg = Debug|Any CPU
		{816257BE-E5DB-479A-BEB0-FAFBD13EBC8D}.Debug|Any CPU.Build.0 = Debug|Any CPU
		{816257BE-E5DB-479A-BEB0-FAFBD13EBC8D}.Release|Any CPU.ActiveCfg = Release|Any CPU
		{816257BE-E5DB-479A-BEB0-FAFBD13EBC8D}.Release|Any CPU.Build.0 = Release|Any CPU
	EndGlobalSection
	GlobalSection(SolutionProperties) = preSolution
		HideSolutionNode = FALSE
	EndGlobalSection
	GlobalSection(ExtensibilityGlobals) = postSolution
		SolutionGuid = {0EB6CF69-7330-440A-AD06-60C6BF5D7AB5}
	EndGlobalSection
EndGlobal
